
Microsoft Visual Studio Solution File, Format Version 12.00
# Visual Studio Version 17
VisualStudioVersion = 17.12.35527.113
MinimumVisualStudioVersion = 10.0.40219.1
Project("{FAE04EC0-301F-11D3-BF4B-00C04F79EFBC}") = "ConsoleApp.OutputDemo", "ConsoleApp.OutputDemo\ConsoleApp.OutputDemo.csproj", "{8CC17CF8-A208-4F81-B966-8EBC72024E8F}"
EndProject
Project("{FAE04EC0-301F-11D3-BF4B-00C04F79EFBC}") = "ConsoleApp.VariableDemo", "ConsoleApp.VariableDemo\ConsoleApp.VariableDemo.csproj", "{3CF56210-339E-4E1C-A798-E03A33D542D4}"
EndProject
Project("{FAE04EC0-301F-11D3-BF4B-00C04F79EFBC}") = "ConsoleApp.UserInputDemo", "ConsoleApp.UserInputDemo\ConsoleApp.UserInputDemo.csproj", "{40A16D4B-F3C2-414C-A174-9D0B93AFF51E}"
EndProject
Project("{FAE04EC0-301F-11D3-BF4B-00C04F79EFBC}") = "ConsoleApp.Operators", "ConsoleApp.Operators\ConsoleApp.Operators.csproj", "{D2862692-B862-4761-846C-B2A2B61C8C8B}"
EndProject
Project("{FAE04EC0-301F-11D3-BF4B-00C04F79EFBC}") = "ConsoleApp.ConditionsAndDecisions", "ConsoleApp.ConditionsAndDecisions\ConsoleApp.ConditionsAndDecisions.csproj", "{524821A0-8FED-40F8-A210-4A7BDAB76D0C}"
EndProject
Project("{FAE04EC0-301F-11D3-BF4B-00C04F79EFBC}") = "ConsoleApp.SampleCalculator", "ConsoleApp.SampleCalculator\ConsoleApp.SampleCalculator.csproj", "{DF6BECF5-7063-47FC-8FB4-60B84AE6C667}"
EndProject
Project("{FAE04EC0-301F-11D3-BF4B-00C04F79EFBC}") = "ConsoleApp.Loops", "ConsoleApp.Loops\ConsoleApp.Loops.csproj", "{26B3E617-8320-488C-B4A9-E243FD0E5986}"
EndProject
Project("{FAE04EC0-301F-11D3-BF4B-00C04F79EFBC}") = "ConsoleApp.ExceptionHandlingDemo", "ConsoleApp.ExceptionHandlingDemo\ConsoleApp.ExceptionHandlingDemo.csproj", "{32D53A65-BECC-49F5-9DC1-E600FDA7EFBA}"
EndProject
Project("{FAE04EC0-301F-11D3-BF4B-00C04F79EFBC}") = "ConsoleApp.StringManipulation", "ConsoleApp.StringManipulation\ConsoleApp.StringManipulation.csproj", "{C1EDF3C5-1E99-4031-8068-28A7DFAFF128}"
EndProject
Project("{FAE04EC0-301F-11D3-BF4B-00C04F79EFBC}") = "ConsoleApp.DateTimeManipulation", "ConsoleApp.DateTimeManipulation\ConsoleApp.DateTimeManipulation.csproj", "{0D45F59D-D3B1-45DB-8929-C79171DA33C1}"
EndProject
Project("{FAE04EC0-301F-11D3-BF4B-00C04F79EFBC}") = "ConsoleApp.Methods", "ConsoleApp.Methods\ConsoleApp.Methods.csproj", "{53D1BDDF-8990-4B2D-B40A-DF0569B6D4C2}"
EndProject
Project("{FAE04EC0-301F-11D3-BF4B-00C04F79EFBC}") = "ConsoleApp.Arrays", "ConsoleApp.Arrays\ConsoleApp.Arrays.csproj", "{ABFA0E6D-9701-4162-BCE0-F0C8F7271E28}"
EndProject
Project("{FAE04EC0-301F-11D3-BF4B-00C04F79EFBC}") = "ConsoleApp.Lists", "ConsoleApp.Lists\ConsoleApp.Lists.csproj", "{B0A7E2B1-B9DC-4E89-B224-640AA4002C1D}"
EndProject
Global
	GlobalSection(SolutionConfigurationPlatforms) = preSolution
		Debug|Any CPU = Debug|Any CPU
		Release|Any CPU = Release|Any CPU
	EndGlobalSection
	GlobalSection(ProjectConfigurationPlatforms) = postSolution
		{8CC17CF8-A208-4F81-B966-8EBC72024E8F}.Debug|Any CPU.ActiveCfg = Debug|Any CPU
		{8CC17CF8-A208-4F81-B966-8EBC72024E8F}.Debug|Any CPU.Build.0 = Debug|Any CPU
		{8CC17CF8-A208-4F81-B966-8EBC72024E8F}.Release|Any CPU.ActiveCfg = Release|Any CPU
		{8CC17CF8-A208-4F81-B966-8EBC72024E8F}.Release|Any CPU.Build.0 = Release|Any CPU
		{3CF56210-339E-4E1C-A798-E03A33D542D4}.Debug|Any CPU.ActiveCfg = Debug|Any CPU
		{3CF56210-339E-4E1C-A798-E03A33D542D4}.Debug|Any CPU.Build.0 = Debug|Any CPU
		{3CF56210-339E-4E1C-A798-E03A33D542D4}.Release|Any CPU.ActiveCfg = Release|Any CPU
		{3CF56210-339E-4E1C-A798-E03A33D542D4}.Release|Any CPU.Build.0 = Release|Any CPU
		{40A16D4B-F3C2-414C-A174-9D0B93AFF51E}.Debug|Any CPU.ActiveCfg = Debug|Any CPU
		{40A16D4B-F3C2-414C-A174-9D0B93AFF51E}.Debug|Any CPU.Build.0 = Debug|Any CPU
		{40A16D4B-F3C2-414C-A174-9D0B93AFF51E}.Release|Any CPU.ActiveCfg = Release|Any CPU
		{40A16D4B-F3C2-414C-A174-9D0B93AFF51E}.Release|Any CPU.Build.0 = Release|Any CPU
		{D2862692-B862-4761-846C-B2A2B61C8C8B}.Debug|Any CPU.ActiveCfg = Debug|Any CPU
		{D2862692-B862-4761-846C-B2A2B61C8C8B}.Debug|Any CPU.Build.0 = Debug|Any CPU
		{D2862692-B862-4761-846C-B2A2B61C8C8B}.Release|Any CPU.ActiveCfg = Release|Any CPU
		{D2862692-B862-4761-846C-B2A2B61C8C8B}.Release|Any CPU.Build.0 = Release|Any CPU
		{524821A0-8FED-40F8-A210-4A7BDAB76D0C}.Debug|Any CPU.ActiveCfg = Debug|Any CPU
		{524821A0-8FED-40F8-A210-4A7BDAB76D0C}.Debug|Any CPU.Build.0 = Debug|Any CPU
		{524821A0-8FED-40F8-A210-4A7BDAB76D0C}.Release|Any CPU.ActiveCfg = Release|Any CPU
		{524821A0-8FED-40F8-A210-4A7BDAB76D0C}.Release|Any CPU.Build.0 = Release|Any CPU
		{DF6BECF5-7063-47FC-8FB4-60B84AE6C667}.Debug|Any CPU.ActiveCfg = Debug|Any CPU
		{DF6BECF5-7063-47FC-8FB4-60B84AE6C667}.Debug|Any CPU.Build.0 = Debug|Any CPU
		{DF6BECF5-7063-47FC-8FB4-60B84AE6C667}.Release|Any CPU.ActiveCfg = Release|Any CPU
		{DF6BECF5-7063-47FC-8FB4-60B84AE6C667}.Release|Any CPU.Build.0 = Release|Any CPU
		{26B3E617-8320-488C-B4A9-E243FD0E5986}.Debug|Any CPU.ActiveCfg = Debug|Any CPU
		{26B3E617-8320-488C-B4A9-E243FD0E5986}.Debug|Any CPU.Build.0 = Debug|Any CPU
		{26B3E617-8320-488C-B4A9-E243FD0E5986}.Release|Any CPU.ActiveCfg = Release|Any CPU
		{26B3E617-8320-488C-B4A9-E243FD0E5986}.Release|Any CPU.Build.0 = Release|Any CPU
		{32D53A65-BECC-49F5-9DC1-E600FDA7EFBA}.Debug|Any CPU.ActiveCfg = Debug|Any CPU
		{32D53A65-BECC-49F5-9DC1-E600FDA7EFBA}.Debug|Any CPU.Build.0 = Debug|Any CPU
		{32D53A65-BECC-49F5-9DC1-E600FDA7EFBA}.Release|Any CPU.ActiveCfg = Release|Any CPU
		{32D53A65-BECC-49F5-9DC1-E600FDA7EFBA}.Release|Any CPU.Build.0 = Release|Any CPU
		{C1EDF3C5-1E99-4031-8068-28A7DFAFF128}.Debug|Any CPU.ActiveCfg = Debug|Any CPU
		{C1EDF3C5-1E99-4031-8068-28A7DFAFF128}.Debug|Any CPU.Build.0 = Debug|Any CPU
		{C1EDF3C5-1E99-4031-8068-28A7DFAFF128}.Release|Any CPU.ActiveCfg = Release|Any CPU
		{C1EDF3C5-1E99-4031-8068-28A7DFAFF128}.Release|Any CPU.Build.0 = Release|Any CPU
		{0D45F59D-D3B1-45DB-8929-C79171DA33C1}.Debug|Any CPU.ActiveCfg = Debug|Any CPU
		{0D45F59D-D3B1-45DB-8929-C79171DA33C1}.Debug|Any CPU.Build.0 = Debug|Any CPU
		{0D45F59D-D3B1-45DB-8929-C79171DA33C1}.Release|Any CPU.ActiveCfg = Release|Any CPU
		{0D45F59D-D3B1-45DB-8929-C79171DA33C1}.Release|Any CPU.Build.0 = Release|Any CPU
		{53D1BDDF-8990-4B2D-B40A-DF0569B6D4C2}.Debug|Any CPU.ActiveCfg = Debug|Any CPU
		{53D1BDDF-8990-4B2D-B40A-DF0569B6D4C2}.Debug|Any CPU.Build.0 = Debug|Any CPU
		{53D1BDDF-8990-4B2D-B40A-DF0569B6D4C2}.Release|Any CPU.ActiveCfg = Release|Any CPU
		{53D1BDDF-8990-4B2D-B40A-DF0569B6D4C2}.Release|Any CPU.Build.0 = Release|Any CPU
		{ABFA0E6D-9701-4162-BCE0-F0C8F7271E28}.Debug|Any CPU.ActiveCfg = Debug|Any CPU
		{ABFA0E6D-9701-4162-BCE0-F0C8F7271E28}.Debug|Any CPU.Build.0 = Debug|Any CPU
		{ABFA0E6D-9701-4162-BCE0-F0C8F7271E28}.Release|Any CPU.ActiveCfg = Release|Any CPU
		{ABFA0E6D-9701-4162-BCE0-F0C8F7271E28}.Release|Any CPU.Build.0 = Release|Any CPU
		{B0A7E2B1-B9DC-4E89-B224-640AA4002C1D}.Debug|Any CPU.ActiveCfg = Debug|Any CPU
		{B0A7E2B1-B9DC-4E89-B224-640AA4002C1D}.Debug|Any CPU.Build.0 = Debug|Any CPU
		{B0A7E2B1-B9DC-4E89-B224-640AA4002C1D}.Release|Any CPU.ActiveCfg = Release|Any CPU
		{B0A7E2B1-B9DC-4E89-B224-640AA4002C1D}.Release|Any CPU.Build.0 = Release|Any CPU
	EndGlobalSection
	GlobalSection(SolutionProperties) = preSolution
		HideSolutionNode = FALSE
	EndGlobalSection
EndGlobal
